
Microsoft Visual Studio Solution File, Format Version 12.00
# Visual Studio Version 17
VisualStudioVersion = 17.14.36705.20 d17.14
MinimumVisualStudioVersion = 10.0.40219.1
Project("{FAE04EC0-301F-11D3-BF4B-00C04F79EFBC}") = "iquchnia", "iquchnia\iquchnia.csproj", "{4616D9CC-975B-4B18-B2D6-51C4671EAE54}"
EndProject
Global
	GlobalSection(SolutionConfigurationPlatforms) = preSolution
		Debug|Any CPU = Debug|Any CPU
		Release|Any CPU = Release|Any CPU
	EndGlobalSection
	GlobalSection(ProjectConfigurationPlatforms) = postSolution
		{4616D9CC-975B-4B18-B2D6-51C4671EAE54}.Debug|Any CPU.ActiveCfg = Debug|Any CPU
		{4616D9CC-975B-4B18-B2D6-51C4671EAE54}.Debug|Any CPU.Build.0 = Debug|Any CPU
		{4616D9CC-975B-4B18-B2D6-51C4671EAE54}.Release|Any CPU.ActiveCfg = Release|Any CPU
		{4616D9CC-975B-4B18-B2D6-51C4671EAE54}.Release|Any CPU.Build.0 = Release|Any CPU
	EndGlobalSection
	GlobalSection(SolutionProperties) = preSolution
		HideSolutionNode = FALSE
	EndGlobalSection
	GlobalSection(ExtensibilityGlobals) = postSolution
		SolutionGuid = {80CD9DF5-AF8F-4B3E-AA44-94D179C8ECF3}
	EndGlobalSection
EndGlobal
